
Microsoft Visual Studio Solution File, Format Version 12.00
# Visual Studio Version 17
VisualStudioVersion = 17.10.35027.167
MinimumVisualStudioVersion = 10.0.40219.1
Project("{FAE04EC0-301F-11D3-BF4B-00C04F79EFBC}") = "KimMilyonerOlmakIster", "KimMilyonerOlmakIster\KimMilyonerOlmakIster.csproj", "{D138FC62-C30F-4388-881A-23B4D172C055}"
EndProject
Global
	GlobalSection(SolutionConfigurationPlatforms) = preSolution
		Debug|Any CPU = Debug|Any CPU
		Release|Any CPU = Release|Any CPU
	EndGlobalSection
	GlobalSection(ProjectConfigurationPlatforms) = postSolution
		{D138FC62-C30F-4388-881A-23B4D172C055}.Debug|Any CPU.ActiveCfg = Debug|Any CPU
		{D138FC62-C30F-4388-881A-23B4D172C055}.Debug|Any CPU.Build.0 = Debug|Any CPU
		{D138FC62-C30F-4388-881A-23B4D172C055}.Release|Any CPU.ActiveCfg = Release|Any CPU
		{D138FC62-C30F-4388-881A-23B4D172C055}.Release|Any CPU.Build.0 = Release|Any CPU
	EndGlobalSection
	GlobalSection(SolutionProperties) = preSolution
		HideSolutionNode = FALSE
	EndGlobalSection
	GlobalSection(ExtensibilityGlobals) = postSolution
		SolutionGuid = {7876135D-86DB-4EF0-834F-1004FB8DA743}
	EndGlobalSection
EndGlobal
